
Microsoft Visual Studio Solution File, Format Version 12.00
# Visual Studio Version 17
VisualStudioVersion = 17.13.35825.156 d17.13
MinimumVisualStudioVersion = 10.0.40219.1
Project("{54A90642-561A-4BB1-A94E-469ADEE60C69}") = "taskification.client", "taskification.client\taskification.client.esproj", "{66001D5E-EA20-7A52-F669-2DD7BD3D564B}"
EndProject
Project("{FAE04EC0-301F-11D3-BF4B-00C04F79EFBC}") = "Taskification.Server", "Taskification.Server\Taskification.Server.csproj", "{1BDB0D40-D002-4856-9DB6-56E80952F5E5}"
EndProject
Global
	GlobalSection(SolutionConfigurationPlatforms) = preSolution
		Debug|Any CPU = Debug|Any CPU
		Release|Any CPU = Release|Any CPU
	EndGlobalSection
	GlobalSection(ProjectConfigurationPlatforms) = postSolution
		{66001D5E-EA20-7A52-F669-2DD7BD3D564B}.Debug|Any CPU.ActiveCfg = Debug|Any CPU
		{66001D5E-EA20-7A52-F669-2DD7BD3D564B}.Debug|Any CPU.Build.0 = Debug|Any CPU
		{66001D5E-EA20-7A52-F669-2DD7BD3D564B}.Debug|Any CPU.Deploy.0 = Debug|Any CPU
		{66001D5E-EA20-7A52-F669-2DD7BD3D564B}.Release|Any CPU.ActiveCfg = Release|Any CPU
		{66001D5E-EA20-7A52-F669-2DD7BD3D564B}.Release|Any CPU.Build.0 = Release|Any CPU
		{66001D5E-EA20-7A52-F669-2DD7BD3D564B}.Release|Any CPU.Deploy.0 = Release|Any CPU
		{1BDB0D40-D002-4856-9DB6-56E80952F5E5}.Debug|Any CPU.ActiveCfg = Debug|Any CPU
		{1BDB0D40-D002-4856-9DB6-56E80952F5E5}.Debug|Any CPU.Build.0 = Debug|Any CPU
		{1BDB0D40-D002-4856-9DB6-56E80952F5E5}.Release|Any CPU.ActiveCfg = Release|Any CPU
		{1BDB0D40-D002-4856-9DB6-56E80952F5E5}.Release|Any CPU.Build.0 = Release|Any CPU
	EndGlobalSection
	GlobalSection(SolutionProperties) = preSolution
		HideSolutionNode = FALSE
	EndGlobalSection
	GlobalSection(ExtensibilityGlobals) = postSolution
		SolutionGuid = {D75D603E-C64B-4CA6-BD37-7FE31ABB0EBA}
	EndGlobalSection
EndGlobal
